
Microsoft Visual Studio Solution File, Format Version 12.00
# Visual Studio Version 16
VisualStudioVersion = 16.0.29709.97
MinimumVisualStudioVersion = 10.0.40219.1
Project("{2150E333-8FDC-42A3-9474-1A3956D46DE8}") = "Benchmarks", "Benchmarks", "{83478353-8C5A-41C2-84C2-F79488B43CB0}"
EndProject
Project("{2150E333-8FDC-42A3-9474-1A3956D46DE8}") = "Tests", "Tests", "{D1E90BAE-FC51-44DB-8215-1D9BB6059886}"
EndProject
Project("{9A19103F-16F7-4668-BE54-9A1E7A4F7556}") = "ExperimentalBenchmark", "Benchmarks\ExperimentalBenchmark\ExperimentalBenchmark.csproj", "{BD1950AE-7A04-4677-AD81-35F512D45112}"
EndProject
Project("{9A19103F-16F7-4668-BE54-9A1E7A4F7556}") = "CloudBuffers", "CloudBuffers\CloudBuffers.csproj", "{5E85422E-B6D5-4587-AD23-E8E50E81ABD0}"
EndProject
Project("{9A19103F-16F7-4668-BE54-9A1E7A4F7556}") = "CloudBuffers.Compiler", "CloudBuffers.Compiler\CloudBuffers.Compiler.csproj", "{63DC5E00-1B67-4A40-BD37-7FC9AD3215B0}"
EndProject
Project("{9A19103F-16F7-4668-BE54-9A1E7A4F7556}") = "CloudBuffers.Runtime", "CloudBuffers.Runtime\CloudBuffers.Runtime.csproj", "{3E99771D-F0B1-4853-A8D9-D3C01B9F1E95}"
EndProject
Project("{9A19103F-16F7-4668-BE54-9A1E7A4F7556}") = "CloudBuffersCompilerTests", "Tests\CloudBuffersCompilerTests\CloudBuffersCompilerTests.csproj", "{A29D3C58-2A2A-4DBB-8513-7346001F61B1}"
EndProject
Global
	GlobalSection(SolutionConfigurationPlatforms) = preSolution
		Debug|Any CPU = Debug|Any CPU
		Release|Any CPU = Release|Any CPU
	EndGlobalSection
	GlobalSection(ProjectConfigurationPlatforms) = postSolution
		{BD1950AE-7A04-4677-AD81-35F512D45112}.Debug|Any CPU.ActiveCfg = Debug|Any CPU
		{BD1950AE-7A04-4677-AD81-35F512D45112}.Debug|Any CPU.Build.0 = Debug|Any CPU
		{BD1950AE-7A04-4677-AD81-35F512D45112}.Release|Any CPU.ActiveCfg = Release|Any CPU
		{BD1950AE-7A04-4677-AD81-35F512D45112}.Release|Any CPU.Build.0 = Release|Any CPU
		{5E85422E-B6D5-4587-AD23-E8E50E81ABD0}.Debug|Any CPU.ActiveCfg = Debug|Any CPU
		{5E85422E-B6D5-4587-AD23-E8E50E81ABD0}.Debug|Any CPU.Build.0 = Debug|Any CPU
		{5E85422E-B6D5-4587-AD23-E8E50E81ABD0}.Release|Any CPU.ActiveCfg = Release|Any CPU
		{5E85422E-B6D5-4587-AD23-E8E50E81ABD0}.Release|Any CPU.Build.0 = Release|Any CPU
		{63DC5E00-1B67-4A40-BD37-7FC9AD3215B0}.Debug|Any CPU.ActiveCfg = Debug|Any CPU
		{63DC5E00-1B67-4A40-BD37-7FC9AD3215B0}.Debug|Any CPU.Build.0 = Debug|Any CPU
		{63DC5E00-1B67-4A40-BD37-7FC9AD3215B0}.Release|Any CPU.ActiveCfg = Release|Any CPU
		{63DC5E00-1B67-4A40-BD37-7FC9AD3215B0}.Release|Any CPU.Build.0 = Release|Any CPU
		{3E99771D-F0B1-4853-A8D9-D3C01B9F1E95}.Debug|Any CPU.ActiveCfg = Debug|Any CPU
		{3E99771D-F0B1-4853-A8D9-D3C01B9F1E95}.Debug|Any CPU.Build.0 = Debug|Any CPU
		{3E99771D-F0B1-4853-A8D9-D3C01B9F1E95}.Release|Any CPU.ActiveCfg = Release|Any CPU
		{3E99771D-F0B1-4853-A8D9-D3C01B9F1E95}.Release|Any CPU.Build.0 = Release|Any CPU
		{A29D3C58-2A2A-4DBB-8513-7346001F61B1}.Debug|Any CPU.ActiveCfg = Debug|Any CPU
		{A29D3C58-2A2A-4DBB-8513-7346001F61B1}.Debug|Any CPU.Build.0 = Debug|Any CPU
		{A29D3C58-2A2A-4DBB-8513-7346001F61B1}.Release|Any CPU.ActiveCfg = Release|Any CPU
		{A29D3C58-2A2A-4DBB-8513-7346001F61B1}.Release|Any CPU.Build.0 = Release|Any CPU
	EndGlobalSection
	GlobalSection(SolutionProperties) = preSolution
		HideSolutionNode = FALSE
	EndGlobalSection
	GlobalSection(NestedProjects) = preSolution
		{BD1950AE-7A04-4677-AD81-35F512D45112} = {83478353-8C5A-41C2-84C2-F79488B43CB0}
		{A29D3C58-2A2A-4DBB-8513-7346001F61B1} = {D1E90BAE-FC51-44DB-8215-1D9BB6059886}
	EndGlobalSection
	GlobalSection(ExtensibilityGlobals) = postSolution
		SolutionGuid = {726A4C0E-5760-4B35-8C73-9AC21B2E4C8B}
	EndGlobalSection
EndGlobal
